
Microsoft Visual Studio Solution File, Format Version 12.00
# Visual Studio Version 16
VisualStudioVersion = 16.0.31829.152
MinimumVisualStudioVersion = 10.0.40219.1
Project("{FAE04EC0-301F-11D3-BF4B-00C04F79EFBC}") = "MCD_MetotOrnek1", "MCD_MetotOrnek1\MCD_MetotOrnek1.csproj", "{15CB9F69-7A47-4111-A58B-152D30C9C3CF}"
EndProject
Global
	GlobalSection(SolutionConfigurationPlatforms) = preSolution
		Debug|Any CPU = Debug|Any CPU
		Release|Any CPU = Release|Any CPU
	EndGlobalSection
	GlobalSection(ProjectConfigurationPlatforms) = postSolution
		{15CB9F69-7A47-4111-A58B-152D30C9C3CF}.Debug|Any CPU.ActiveCfg = Debug|Any CPU
		{15CB9F69-7A47-4111-A58B-152D30C9C3CF}.Debug|Any CPU.Build.0 = Debug|Any CPU
		{15CB9F69-7A47-4111-A58B-152D30C9C3CF}.Release|Any CPU.ActiveCfg = Release|Any CPU
		{15CB9F69-7A47-4111-A58B-152D30C9C3CF}.Release|Any CPU.Build.0 = Release|Any CPU
	EndGlobalSection
	GlobalSection(SolutionProperties) = preSolution
		HideSolutionNode = FALSE
	EndGlobalSection
	GlobalSection(ExtensibilityGlobals) = postSolution
		SolutionGuid = {E70B81D0-FA55-4A9E-AB3A-331E0C117C40}
	EndGlobalSection
EndGlobal
